// !$*UTF8*$!
{
	archiveVersion = 1;
	classes = {
	};
	objectVersion = 50;
	objects = {

/* Begin PBXBuildFile section */
		FC19653A21716FDD008291B5 /* TripTableViewCell.swift in Sources */ = {isa = PBXBuildFile; fileRef = FC19653921716FDD008291B5 /* TripTableViewCell.swift */; };
		FC56BDBB2169313E00DF804D /* AppDelegate.swift in Sources */ = {isa = PBXBuildFile; fileRef = FC56BDBA2169313E00DF804D /* AppDelegate.swift */; };
		FC56BDBD2169313E00DF804D /* ViewController.swift in Sources */ = {isa = PBXBuildFile; fileRef = FC56BDBC2169313E00DF804D /* ViewController.swift */; };
		FC56BDC02169313E00DF804D /* Main.storyboard in Resources */ = {isa = PBXBuildFile; fileRef = FC56BDBE2169313E00DF804D /* Main.storyboard */; };
		FC56BDC22169314000DF804D /* Assets.xcassets in Resources */ = {isa = PBXBuildFile; fileRef = FC56BDC12169314000DF804D /* Assets.xcassets */; };
		FC56BDC52169314000DF804D /* LaunchScreen.storyboard in Resources */ = {isa = PBXBuildFile; fileRef = FC56BDC32169314000DF804D /* LaunchScreen.storyboard */; };
		FC6BC963216E286600692D45 /* LoginViewController.swift in Sources */ = {isa = PBXBuildFile; fileRef = FC6BC962216E286600692D45 /* LoginViewController.swift */; };
		FC6BC967216E44B100692D45 /* CardInfoViewController.swift in Sources */ = {isa = PBXBuildFile; fileRef = FC6BC966216E44B100692D45 /* CardInfoViewController.swift */; };
/* End PBXBuildFile section */

/* Begin PBXFileReference section */
		FC19653921716FDD008291B5 /* TripTableViewCell.swift */ = {isa = PBXFileReference; lastKnownFileType = sourcecode.swift; path = TripTableViewCell.swift; sourceTree = "<group>"; };
		FC56BDB72169313E00DF804D /* MyLeap Balance.app */ = {isa = PBXFileReference; explicitFileType = wrapper.application; includeInIndex = 0; path = "MyLeap Balance.app"; sourceTree = BUILT_PRODUCTS_DIR; };
		FC56BDBA2169313E00DF804D /* AppDelegate.swift */ = {isa = PBXFileReference; lastKnownFileType = sourcecode.swift; path = AppDelegate.swift; sourceTree = "<group>"; };
		FC56BDBC2169313E00DF804D /* ViewController.swift */ = {isa = PBXFileReference; lastKnownFileType = sourcecode.swift; path = ViewController.swift; sourceTree = "<group>"; };
		FC56BDBF2169313E00DF804D /* Base */ = {isa = PBXFileReference; lastKnownFileType = file.storyboard; name = Base; path = Base.lproj/Main.storyboard; sourceTree = "<group>"; };
		FC56BDC12169314000DF804D /* Assets.xcassets */ = {isa = PBXFileReference; lastKnownFileType = folder.assetcatalog; path = Assets.xcassets; sourceTree = "<group>"; };
		FC56BDC42169314000DF804D /* Base */ = {isa = PBXFileReference; lastKnownFileType = file.storyboard; name = Base; path = Base.lproj/LaunchScreen.storyboard; sourceTree = "<group>"; };
		FC56BDC62169314000DF804D /* Info.plist */ = {isa = PBXFileReference; lastKnownFileType = text.plist.xml; path = Info.plist; sourceTree = "<group>"; };
		FC6BC962216E286600692D45 /* LoginViewController.swift */ = {isa = PBXFileReference; lastKnownFileType = sourcecode.swift; path = LoginViewController.swift; sourceTree = "<group>"; };
		FC6BC966216E44B100692D45 /* CardInfoViewController.swift */ = {isa = PBXFileReference; lastKnownFileType = sourcecode.swift; path = CardInfoViewController.swift; sourceTree = "<group>"; };
/* End PBXFileReference section */

/* Begin PBXFrameworksBuildPhase section */
		FC56BDB42169313E00DF804D /* Frameworks */ = {
			isa = PBXFrameworksBuildPhase;
			buildActionMask = 2147483647;
			files = (
			);
			runOnlyForDeploymentPostprocessing = 0;
		};
/* End PBXFrameworksBuildPhase section */

/* Begin PBXGroup section */
		FC19653821716F8D008291B5 /* Trip */ = {
			isa = PBXGroup;
			children = (
				FC19653921716FDD008291B5 /* TripTableViewCell.swift */,
			);
			path = Trip;
			sourceTree = "<group>";
		};
		FC56BDAE2169313E00DF804D = {
			isa = PBXGroup;
			children = (
				FC56BDB92169313E00DF804D /* MyLeap Balance */,
				FC56BDB82169313E00DF804D /* Products */,
			);
			sourceTree = "<group>";
		};
		FC56BDB82169313E00DF804D /* Products */ = {
			isa = PBXGroup;
			children = (
				FC56BDB72169313E00DF804D /* MyLeap Balance.app */,
			);
			name = Products;
			sourceTree = "<group>";
		};
		FC56BDB92169313E00DF804D /* MyLeap Balance */ = {
			isa = PBXGroup;
			children = (
				FC56BDBA2169313E00DF804D /* AppDelegate.swift */,
				FC6BC964216E286F00692D45 /* Controllers */,
				FC56BDBE2169313E00DF804D /* Main.storyboard */,
				FC56BDC12169314000DF804D /* Assets.xcassets */,
				FC56BDC32169314000DF804D /* LaunchScreen.storyboard */,
				FC56BDC62169314000DF804D /* Info.plist */,
			);
			path = "MyLeap Balance";
			sourceTree = "<group>";
		};
		FC6BC964216E286F00692D45 /* Controllers */ = {
			isa = PBXGroup;
			children = (
				FC6BC965216E449F00692D45 /* Card Info */,
				FC56BDBC2169313E00DF804D /* ViewController.swift */,
				FC6BC962216E286600692D45 /* LoginViewController.swift */,
			);
			path = Controllers;
			sourceTree = "<group>";
		};
		FC6BC965216E449F00692D45 /* Card Info */ = {
			isa = PBXGroup;
			children = (
				FC19653821716F8D008291B5 /* Trip */,
				FC6BC966216E44B100692D45 /* CardInfoViewController.swift */,
			);
			path = "Card Info";
			sourceTree = "<group>";
		};
/* End PBXGroup section */

/* Begin PBXNativeTarget section */
		FC56BDB62169313E00DF804D /* MyLeap Balance */ = {
			isa = PBXNativeTarget;
			buildConfigurationList = FC56BDC92169314000DF804D /* Build configuration list for PBXNativeTarget "MyLeap Balance" */;
			buildPhases = (
				FC56BDB32169313E00DF804D /* Sources */,
				FC56BDB42169313E00DF804D /* Frameworks */,
				FC56BDB52169313E00DF804D /* Resources */,
			);
			buildRules = (
			);
			dependencies = (
			);
			name = "MyLeap Balance";
			productName = "MyLeap Balance";
			productReference = FC56BDB72169313E00DF804D /* MyLeap Balance.app */;
			productType = "com.apple.product-type.application";
		};
/* End PBXNativeTarget section */

/* Begin PBXProject section */
		FC56BDAF2169313E00DF804D /* Project object */ = {
			isa = PBXProject;
			attributes = {
				LastSwiftUpdateCheck = 1000;
				LastUpgradeCheck = 1000;
				ORGANIZATIONNAME = "Mohsen Qaysi";
				TargetAttributes = {
					FC56BDB62169313E00DF804D = {
						CreatedOnToolsVersion = 10.0;
					};
				};
			};
			buildConfigurationList = FC56BDB22169313E00DF804D /* Build configuration list for PBXProject "MyLeap Balance" */;
			compatibilityVersion = "Xcode 9.3";
			developmentRegion = en;
			hasScannedForEncodings = 0;
			knownRegions = (
				en,
				Base,
			);
			mainGroup = FC56BDAE2169313E00DF804D;
			productRefGroup = FC56BDB82169313E00DF804D /* Products */;
			projectDirPath = "";
			projectRoot = "";
			targets = (
				FC56BDB62169313E00DF804D /* MyLeap Balance */,
			);
		};
/* End PBXProject section */

/* Begin PBXResourcesBuildPhase section */
		FC56BDB52169313E00DF804D /* Resources */ = {
			isa = PBXResourcesBuildPhase;
			buildActionMask = 2147483647;
			files = (
				FC56BDC52169314000DF804D /* LaunchScreen.storyboard in Resources */,
				FC56BDC22169314000DF804D /* Assets.xcassets in Resources */,
				FC56BDC02169313E00DF804D /* Main.storyboard in Resources */,
			);
			runOnlyForDeploymentPostprocessing = 0;
		};
/* End PBXResourcesBuildPhase section */

/* Begin PBXSourcesBuildPhase section */
		FC56BDB32169313E00DF804D /* Sources */ = {
			isa = PBXSourcesBuildPhase;
			buildActionMask = 2147483647;
			files = (
				FC6BC967216E44B100692D45 /* CardInfoViewController.swift in Sources */,
				FC6BC963216E286600692D45 /* LoginViewController.swift in Sources */,
				FC56BDBD2169313E00DF804D /* ViewController.swift in Sources */,
				FC56BDBB2169313E00DF804D /* AppDelegate.swift in Sources */,
				FC19653A21716FDD008291B5 /* TripTableViewCell.swift in Sources */,
			);
			runOnlyForDeploymentPostprocessing = 0;
		};
/* End PBXSourcesBuildPhase section */

/* Begin PBXVariantGroup section */
		FC56BDBE2169313E00DF804D /* Main.storyboard */ = {
			isa = PBXVariantGroup;
			children = (
				FC56BDBF2169313E00DF804D /* Base */,
			);
			name = Main.storyboard;
			sourceTree = "<group>";
		};
		FC56BDC32169314000DF804D /* LaunchScreen.storyboard */ = {
			isa = PBXVariantGroup;
			children = (
				FC56BDC42169314000DF804D /* Base */,
			);
			name = LaunchScreen.storyboard;
			sourceTree = "<group>";
		};
/* End PBXVariantGroup section */

/* Begin XCBuildConfiguration section */
		FC56BDC72169314000DF804D /* Debug */ = {
			isa = XCBuildConfiguration;
			buildSettings = {
				ALWAYS_SEARCH_USER_PATHS = NO;
				CLANG_ANALYZER_NONNULL = YES;
				CLANG_ANALYZER_NUMBER_OBJECT_CONVERSION = YES_AGGRESSIVE;
				CLANG_CXX_LANGUAGE_STANDARD = "gnu++14";
				CLANG_CXX_LIBRARY = "libc++";
				CLANG_ENABLE_MODULES = YES;
				CLANG_ENABLE_OBJC_ARC = YES;
				CLANG_ENABLE_OBJC_WEAK = YES;
				CLANG_WARN_BLOCK_CAPTURE_AUTORELEASING = YES;
				CLANG_WARN_BOOL_CONVERSION = YES;
				CLANG_WARN_COMMA = YES;
				CLANG_WARN_CONSTANT_CONVERSION = YES;
				CLANG_WARN_DEPRECATED_OBJC_IMPLEMENTATIONS = YES;
				CLANG_WARN_DIRECT_OBJC_ISA_USAGE = YES_ERROR;
				CLANG_WARN_DOCUMENTATION_COMMENTS = YES;
				CLANG_WARN_EMPTY_BODY = YES;
				CLANG_WARN_ENUM_CONVERSION = YES;
				CLANG_WARN_INFINITE_RECURSION = YES;
				CLANG_WARN_INT_CONVERSION = YES;
				CLANG_WARN_NON_LITERAL_NULL_CONVERSION = YES;
				CLANG_WARN_OBJC_IMPLICIT_RETAIN_SELF = YES;
				CLANG_WARN_OBJC_LITERAL_CONVERSION = YES;
				CLANG_WARN_OBJC_ROOT_CLASS = YES_ERROR;
				CLANG_WARN_RANGE_LOOP_ANALYSIS = YES;
				CLANG_WARN_STRICT_PROTOTYPES = YES;
				CLANG_WARN_SUSPICIOUS_MOVE = YES;
				CLANG_WARN_UNGUARDED_AVAILABILITY = YES_AGGRESSIVE;
				CLANG_WARN_UNREACHABLE_CODE = YES;
				CLANG_WARN__DUPLICATE_METHOD_MATCH = YES;
				CODE_SIGN_IDENTITY = "iPhone Developer";
				COPY_PHASE_STRIP = NO;
				DEBUG_INFORMATION_FORMAT = dwarf;
				ENABLE_STRICT_OBJC_MSGSEND = YES;
				ENABLE_TESTABILITY = YES;
				GCC_C_LANGUAGE_STANDARD = gnu11;
				GCC_DYNAMIC_NO_PIC = NO;
				GCC_NO_COMMON_BLOCKS = YES;
				GCC_OPTIMIZATION_LEVEL = 0;
				GCC_PREPROCESSOR_DEFINITIONS = (
					"DEBUG=1",
					"$(inherited)",
				);
				GCC_WARN_64_TO_32_BIT_CONVERSION = YES;
				GCC_WARN_ABOUT_RETURN_TYPE = YES_ERROR;
				GCC_WARN_UNDECLARED_SELECTOR = YES;
				GCC_WARN_UNINITIALIZED_AUTOS = YES_AGGRESSIVE;
				GCC_WARN_UNUSED_FUNCTION = YES;
				GCC_WARN_UNUSED_VARIABLE = YES;
				IPHONEOS_DEPLOYMENT_TARGET = 12.0;
				MTL_ENABLE_DEBUG_INFO = INCLUDE_SOURCE;
				MTL_FAST_MATH = YES;
				ONLY_ACTIVE_ARCH = YES;
				SDKROOT = iphoneos;
				SWIFT_ACTIVE_COMPILATION_CONDITIONS = DEBUG;
				SWIFT_OPTIMIZATION_LEVEL = "-Onone";
			};
			name = Debug;
		};
		FC56BDC82169314000DF804D /* Release */ = {
			isa = XCBuildConfiguration;
			buildSettings = {
				ALWAYS_SEARCH_USER_PATHS = NO;
				CLANG_ANALYZER_NONNULL = YES;
				CLANG_ANALYZER_NUMBER_OBJECT_CONVERSION = YES_AGGRESSIVE;
				CLANG_CXX_LANGUAGE_STANDARD = "gnu++14";
				CLANG_CXX_LIBRARY = "libc++";
				CLANG_ENABLE_MODULES = YES;
				CLANG_ENABLE_OBJC_ARC = YES;
				CLANG_ENABLE_OBJC_WEAK = YES;
				CLANG_WARN_BLOCK_CAPTURE_AUTORELEASING = YES;
				CLANG_WARN_BOOL_CONVERSION = YES;
				CLANG_WARN_COMMA = YES;
				CLANG_WARN_CONSTANT_CONVERSION = YES;
				CLANG_WARN_DEPRECATED_OBJC_IMPLEMENTATIONS = YES;
				CLANG_WARN_DIRECT_OBJC_ISA_USAGE = YES_ERROR;
				CLANG_WARN_DOCUMENTATION_COMMENTS = YES;
				CLANG_WARN_EMPTY_BODY = YES;
				CLANG_WARN_ENUM_CONVERSION = YES;
				CLANG_WARN_INFINITE_RECURSION = YES;
				CLANG_WARN_INT_CONVERSION = YES;
				CLANG_WARN_NON_LITERAL_NULL_CONVERSION = YES;
				CLANG_WARN_OBJC_IMPLICIT_RETAIN_SELF = YES;
				CLANG_WARN_OBJC_LITERAL_CONVERSION = YES;
				CLANG_WARN_OBJC_ROOT_CLASS = YES_ERROR;
				CLANG_WARN_RANGE_LOOP_ANALYSIS = YES;
				CLANG_WARN_STRICT_PROTOTYPES = YES;
				CLANG_WARN_SUSPICIOUS_MOVE = YES;
				CLANG_WARN_UNGUARDED_AVAILABILITY = YES_AGGRESSIVE;
				CLANG_WARN_UNREACHABLE_CODE = YES;
				CLANG_WARN__DUPLICATE_METHOD_MATCH = YES;
				CODE_SIGN_IDENTITY = "iPhone Developer";
				COPY_PHASE_STRIP = NO;
				DEBUG_INFORMATION_FORMAT = "dwarf-with-dsym";
				ENABLE_NS_ASSERTIONS = NO;
				ENABLE_STRICT_OBJC_MSGSEND = YES;
				GCC_C_LANGUAGE_STANDARD = gnu11;
				GCC_NO_COMMON_BLOCKS = YES;
				GCC_WARN_64_TO_32_BIT_CONVERSION = YES;
				GCC_WARN_ABOUT_RETURN_TYPE = YES_ERROR;
				GCC_WARN_UNDECLARED_SELECTOR = YES;
				GCC_WARN_UNINITIALIZED_AUTOS = YES_AGGRESSIVE;
				GCC_WARN_UNUSED_FUNCTION = YES;
				GCC_WARN_UNUSED_VARIABLE = YES;
				IPHONEOS_DEPLOYMENT_TARGET = 12.0;
				MTL_ENABLE_DEBUG_INFO = NO;
				MTL_FAST_MATH = YES;
				SDKROOT = iphoneos;
				SWIFT_COMPILATION_MODE = wholemodule;
				SWIFT_OPTIMIZATION_LEVEL = "-O";
				VALIDATE_PRODUCT = YES;
			};
			name = Release;
		};
		FC56BDCA2169314000DF804D /* Debug */ = {
			isa = XCBuildConfiguration;
			buildSettings = {
				ASSETCATALOG_COMPILER_APPICON_NAME = AppIcon;
				CODE_SIGN_STYLE = Automatic;
				DEVELOPMENT_TEAM = 8FGH63V8Q9;
				INFOPLIST_FILE = "MyLeap Balance/Info.plist";
				LD_RUNPATH_SEARCH_PATHS = (
					"$(inherited)",
					"@executable_path/Frameworks",
				);
				PRODUCT_BUNDLE_IDENTIFIER = sa.herafi.MyLeapBalance2;
				PRODUCT_NAME = "$(TARGET_NAME)";
				SWIFT_VERSION = 4.2;
				TARGETED_DEVICE_FAMILY = 1;
			};
			name = Debug;
		};
		FC56BDCB2169314000DF804D /* Release */ = {
			isa = XCBuildConfiguration;
			buildSettings = {
				ASSETCATALOG_COMPILER_APPICON_NAME = AppIcon;
				CODE_SIGN_STYLE = Automatic;
				DEVELOPMENT_TEAM = 8FGH63V8Q9;
				INFOPLIST_FILE = "MyLeap Balance/Info.plist";
				LD_RUNPATH_SEARCH_PATHS = (
					"$(inherited)",
					"@executable_path/Frameworks",
				);
				PRODUCT_BUNDLE_IDENTIFIER = sa.herafi.MyLeapBalance2;
				PRODUCT_NAME = "$(TARGET_NAME)";
				SWIFT_VERSION = 4.2;
				TARGETED_DEVICE_FAMILY = 1;
			};
			name = Release;
		};
/* End XCBuildConfiguration section */

/* Begin XCConfigurationList section */
		FC56BDB22169313E00DF804D /* Build configuration list for PBXProject "MyLeap Balance" */ = {
			isa = XCConfigurationList;
			buildConfigurations = (
				FC56BDC72169314000DF804D /* Debug */,
				FC56BDC82169314000DF804D /* Release */,
			);
			defaultConfigurationIsVisible = 0;
			defaultConfigurationName = Release;
		};
		FC56BDC92169314000DF804D /* Build configuration list for PBXNativeTarget "MyLeap Balance" */ = {
			isa = XCConfigurationList;
			buildConfigurations = (
				FC56BDCA2169314000DF804D /* Debug */,
				FC56BDCB2169314000DF804D /* Release */,
			);
			defaultConfigurationIsVisible = 0;
			defaultConfigurationName = Release;
		};
/* End XCConfigurationList section */
	};
	rootObject = FC56BDAF2169313E00DF804D /* Project object */;
}
